Microsoft Visual Studio Solution File, Format Version 12.00
# Visual Studio 15
VisualStudioVersion = 15.0.26730.10
MinimumVisualStudioVersion = 15.0.26124.0
Project("{9A19103F-16F7-4668-BE54-9A1E7A4F7556}") = "P01_BillsPaymentSystem.App", "P01_BillsPaymentSystem.App\P01_BillsPaymentSystem.App.csproj", "{F4DFC215-3216-484B-BF6D-DDEE96647FC2}"
EndProject
Project("{9A19103F-16F7-4668-BE54-9A1E7A4F7556}") = "P01_BillsPaymentSystem.Data", "P01_BillsPaymentSystem.Data\P01_BillsPaymentSystem.Data.csproj", "{302BD399-6417-47F5-8C36-586FD345B772}"
EndProject
Project("{9A19103F-16F7-4668-BE54-9A1E7A4F7556}") = "P01_BillsPaymentSystem.Models", "P01_BillsPaymentSystem.Models\P01_BillsPaymentSystem.Models.csproj", "{FDB8F34C-9270-42C3-AA87-57EDC5011C74}"
EndProject
Project("{9A19103F-16F7-4668-BE54-9A1E7A4F7556}") = "UserDetails", "UserDetails\UserDetails.csproj", "{71659733-83E1-4671-85C6-C7A0727FFBC4}"
EndProject
Global
	GlobalSection(SolutionConfigurationPlatforms) = preSolution
		Debug|Any CPU = Debug|Any CPU
		Debug|x64 = Debug|x64
		Debug|x86 = Debug|x86
		Release|Any CPU = Release|Any CPU
		Release|x64 = Release|x64
		Release|x86 = Release|x86
	EndGlobalSection
	GlobalSection(ProjectConfigurationPlatforms) = postSolution
		{F4DFC215-3216-484B-BF6D-DDEE96647FC2}.Debug|Any CPU.ActiveCfg = Debug|Any CPU
		{F4DFC215-3216-484B-BF6D-DDEE96647FC2}.Debug|Any CPU.Build.0 = Debug|Any CPU
		{F4DFC215-3216-484B-BF6D-DDEE96647FC2}.Debug|x64.ActiveCfg = Debug|Any CPU
		{F4DFC215-3216-484B-BF6D-DDEE96647FC2}.Debug|x64.Build.0 = Debug|Any CPU
		{F4DFC215-3216-484B-BF6D-DDEE96647FC2}.Debug|x86.ActiveCfg = Debug|Any CPU
		{F4DFC215-3216-484B-BF6D-DDEE96647FC2}.Debug|x86.Build.0 = Debug|Any CPU
		{F4DFC215-3216-484B-BF6D-DDEE96647FC2}.Release|Any CPU.ActiveCfg = Release|Any CPU
		{F4DFC215-3216-484B-BF6D-DDEE96647FC2}.Release|Any CPU.Build.0 = Release|Any CPU
		{F4DFC215-3216-484B-BF6D-DDEE96647FC2}.Release|x64.ActiveCfg = Release|Any CPU
		{F4DFC215-3216-484B-BF6D-DDEE96647FC2}.Release|x64.Build.0 = Release|Any CPU
		{F4DFC215-3216-484B-BF6D-DDEE96647FC2}.Release|x86.ActiveCfg = Release|Any CPU
		{F4DFC215-3216-484B-BF6D-DDEE96647FC2}.Release|x86.Build.0 = Release|Any CPU
		{302BD399-6417-47F5-8C36-586FD345B772}.Debug|Any CPU.ActiveCfg = Debug|Any CPU
		{302BD399-6417-47F5-8C36-586FD345B772}.Debug|Any CPU.Build.0 = Debug|Any CPU
		{302BD399-6417-47F5-8C36-586FD345B772}.Debug|x64.ActiveCfg = Debug|Any CPU
		{302BD399-6417-47F5-8C36-586FD345B772}.Debug|x64.Build.0 = Debug|Any CPU
		{302BD399-6417-47F5-8C36-586FD345B772}.Debug|x86.ActiveCfg = Debug|Any CPU
		{302BD399-6417-47F5-8C36-586FD345B772}.Debug|x86.Build.0 = Debug|Any CPU
		{302BD399-6417-47F5-8C36-586FD345B772}.Release|Any CPU.ActiveCfg = Release|Any CPU
		{302BD399-6417-47F5-8C36-586FD345B772}.Release|Any CPU.Build.0 = Release|Any CPU
		{302BD399-6417-47F5-8C36-586FD345B772}.Release|x64.ActiveCfg = Release|Any CPU
		{302BD399-6417-47F5-8C36-586FD345B772}.Release|x64.Build.0 = Release|Any CPU
		{302BD399-6417-47F5-8C36-586FD345B772}.Release|x86.ActiveCfg = Release|Any CPU
		{302BD399-6417-47F5-8C36-586FD345B772}.Release|x86.Build.0 = Release|Any CPU
		{FDB8F34C-9270-42C3-AA87-57EDC5011C74}.Debug|Any CPU.ActiveCfg = Debug|Any CPU
		{FDB8F34C-9270-42C3-AA87-57EDC5011C74}.Debug|Any CPU.Build.0 = Debug|Any CPU
		{FDB8F34C-9270-42C3-AA87-57EDC5011C74}.Debug|x64.ActiveCfg = Debug|Any CPU
		{FDB8F34C-9270-42C3-AA87-57EDC5011C74}.Debug|x64.Build.0 = Debug|Any CPU
		{FDB8F34C-9270-42C3-AA87-57EDC5011C74}.Debug|x86.ActiveCfg = Debug|Any CPU
		{FDB8F34C-9270-42C3-AA87-57EDC5011C74}.Debug|x86.Build.0 = Debug|Any CPU
		{FDB8F34C-9270-42C3-AA87-57EDC5011C74}.Release|Any CPU.ActiveCfg = Release|Any CPU
		{FDB8F34C-9270-42C3-AA87-57EDC5011C74}.Release|Any CPU.Build.0 = Release|Any CPU
		{FDB8F34C-9270-42C3-AA87-57EDC5011C74}.Release|x64.ActiveCfg = Release|Any CPU
		{FDB8F34C-9270-42C3-AA87-57EDC5011C74}.Release|x64.Build.0 = Release|Any CPU
		{FDB8F34C-9270-42C3-AA87-57EDC5011C74}.Release|x86.ActiveCfg = Release|Any CPU
		{FDB8F34C-9270-42C3-AA87-57EDC5011C74}.Release|x86.Build.0 = Release|Any CPU
		{71659733-83E1-4671-85C6-C7A0727FFBC4}.Debug|Any CPU.ActiveCfg = Debug|Any CPU
		{71659733-83E1-4671-85C6-C7A0727FFBC4}.Debug|Any CPU.Build.0 = Debug|Any CPU
		{71659733-83E1-4671-85C6-C7A0727FFBC4}.Debug|x64.ActiveCfg = Debug|Any CPU
		{71659733-83E1-4671-85C6-C7A0727FFBC4}.Debug|x64.Build.0 = Debug|Any CPU
		{71659733-83E1-4671-85C6-C7A0727FFBC4}.Debug|x86.ActiveCfg = Debug|Any CPU
		{71659733-83E1-4671-85C6-C7A0727FFBC4}.Debug|x86.Build.0 = Debug|Any CPU
		{71659733-83E1-4671-85C6-C7A0727FFBC4}.Release|Any CPU.ActiveCfg = Release|Any CPU
		{71659733-83E1-4671-85C6-C7A0727FFBC4}.Release|Any CPU.Build.0 = Release|Any CPU
		{71659733-83E1-4671-85C6-C7A0727FFBC4}.Release|x64.ActiveCfg = Release|Any CPU
		{71659733-83E1-4671-85C6-C7A0727FFBC4}.Release|x64.Build.0 = Release|Any CPU
		{71659733-83E1-4671-85C6-C7A0727FFBC4}.Release|x86.ActiveCfg = Release|Any CPU
		{71659733-83E1-4671-85C6-C7A0727FFBC4}.Release|x86.Build.0 = Release|Any CPU
	EndGlobalSection
	GlobalSection(SolutionProperties) = preSolution
		HideSolutionNode = FALSE
	EndGlobalSection
	GlobalSection(ExtensibilityGlobals) = postSolution
		SolutionGuid = {26B98EFF-D755-40CA-9C64-CBC3D931EEC4}
	EndGlobalSection
EndGlobal
