Microsoft Visual Studio Solution File, Format Version 12.00
# Visual Studio 15
VisualStudioVersion = 15.0.26730.10
MinimumVisualStudioVersion = 15.0.26124.0
Project("{9A19103F-16F7-4668-BE54-9A1E7A4F7556}") = "P01_ImportTheSoftUniDatabase", "P01_ImportTheSoftUniDatabase\P01_ImportTheSoftUniDatabase.csproj", "{114C97DD-4002-45E9-8DEB-6070E67D747A}"
EndProject
Project("{9A19103F-16F7-4668-BE54-9A1E7A4F7556}") = "P02_DatabaseFirst", "P02_DatabaseFirst\P02_DatabaseFirst.csproj", "{6B26D4D4-9598-4CE0-AAFF-10B15A54EED4}"
EndProject
Project("{9A19103F-16F7-4668-BE54-9A1E7A4F7556}") = "P03_EmployeesFullInformation", "P03_EmployeesFullInformation\P03_EmployeesFullInformation.csproj", "{98EEA6F1-B150-47B3-990C-D48EC44649C7}"
EndProject
Project("{9A19103F-16F7-4668-BE54-9A1E7A4F7556}") = "P04_EmployeesWithSalaryOver50000", "P04_EmployeesWithSalaryOver50000\P04_EmployeesWithSalaryOver50000.csproj", "{2DF8AA00-080E-4643-B23C-18A9B149D8FB}"
EndProject
Project("{9A19103F-16F7-4668-BE54-9A1E7A4F7556}") = "P05_EmployeesResearchDevelopment", "P05_EmployeesResearchDevelopment\P05_EmployeesResearchDevelopment.csproj", "{3232B6D0-2B79-4D31-8C82-1A6E9D517168}"
EndProject
Project("{9A19103F-16F7-4668-BE54-9A1E7A4F7556}") = "P06_AddAdressAndUpdateEmployee", "P06_AddAdressAndUpdateEmployee\P06_AddAdressAndUpdateEmployee.csproj", "{E7D0B2E1-F36A-42BA-9476-E83D7A9E73C1}"
EndProject
Project("{9A19103F-16F7-4668-BE54-9A1E7A4F7556}") = "P07_EmployeesAndProjects", "P07_EmployeesAndProjects\P07_EmployeesAndProjects.csproj", "{FED2B2C8-9814-4B49-BBAF-D2DA0713542A}"
EndProject
Project("{9A19103F-16F7-4668-BE54-9A1E7A4F7556}") = "P08_AdressesByTown", "P08_AdressesByTown\P08_AdressesByTown.csproj", "{7C3D7B65-827F-4F4B-90DC-6872A88AE04E}"
EndProject
Project("{9A19103F-16F7-4668-BE54-9A1E7A4F7556}") = "P09_Employee147", "P09_Employee147\P09_Employee147.csproj", "{8D8E8001-74C2-48B2-B0BA-4DB79D51E0AA}"
EndProject
Project("{9A19103F-16F7-4668-BE54-9A1E7A4F7556}") = "P11_FindLatest10Projects", "P11_FindLatest10Projects\P11_FindLatest10Projects.csproj", "{DB9BBBCB-44B5-4319-9039-B342BF0CA28B}"
EndProject
Project("{9A19103F-16F7-4668-BE54-9A1E7A4F7556}") = "P10_DepartmentsMoreThan5Emp", "P10_DepartmentsMoreThan5Emp\P10_DepartmentsMoreThan5Emp.csproj", "{49795582-8E4B-4325-819F-440E6F36C1FA}"
EndProject
Project("{9A19103F-16F7-4668-BE54-9A1E7A4F7556}") = "P12_IncreaseSalaries", "P12_IncreaseSalaries\P12_IncreaseSalaries.csproj", "{21AB7431-18C0-4D83-9310-17DAA9F81CC8}"
EndProject
Project("{9A19103F-16F7-4668-BE54-9A1E7A4F7556}") = "P13_FindEmpFNameStartsWith", "P13_FindEmpFNameStartsWith\P13_FindEmpFNameStartsWith.csproj", "{4CA767F4-E683-4AF6-AA07-11E602CFD0FB}"
EndProject
Project("{9A19103F-16F7-4668-BE54-9A1E7A4F7556}") = "P14_DeleteProjectById", "P14_DeleteProjectById\P14_DeleteProjectById.csproj", "{D8C75209-DA39-44E2-A8F3-3072400654AD}"
EndProject
Project("{9A19103F-16F7-4668-BE54-9A1E7A4F7556}") = "P15_RemoveTowns", "P15_RemoveTowns\P15_RemoveTowns.csproj", "{711436C0-DFB4-4B08-986F-60AFDAF32E5E}"
EndProject
Global
	GlobalSection(SolutionConfigurationPlatforms) = preSolution
		Debug|Any CPU = Debug|Any CPU
		Debug|x64 = Debug|x64
		Debug|x86 = Debug|x86
		Release|Any CPU = Release|Any CPU
		Release|x64 = Release|x64
		Release|x86 = Release|x86
	EndGlobalSection
	GlobalSection(ProjectConfigurationPlatforms) = postSolution
		{114C97DD-4002-45E9-8DEB-6070E67D747A}.Debug|Any CPU.ActiveCfg = Debug|Any CPU
		{114C97DD-4002-45E9-8DEB-6070E67D747A}.Debug|Any CPU.Build.0 = Debug|Any CPU
		{114C97DD-4002-45E9-8DEB-6070E67D747A}.Debug|x64.ActiveCfg = Debug|Any CPU
		{114C97DD-4002-45E9-8DEB-6070E67D747A}.Debug|x64.Build.0 = Debug|Any CPU
		{114C97DD-4002-45E9-8DEB-6070E67D747A}.Debug|x86.ActiveCfg = Debug|Any CPU
		{114C97DD-4002-45E9-8DEB-6070E67D747A}.Debug|x86.Build.0 = Debug|Any CPU
		{114C97DD-4002-45E9-8DEB-6070E67D747A}.Release|Any CPU.ActiveCfg = Release|Any CPU
		{114C97DD-4002-45E9-8DEB-6070E67D747A}.Release|Any CPU.Build.0 = Release|Any CPU
		{114C97DD-4002-45E9-8DEB-6070E67D747A}.Release|x64.ActiveCfg = Release|Any CPU
		{114C97DD-4002-45E9-8DEB-6070E67D747A}.Release|x64.Build.0 = Release|Any CPU
		{114C97DD-4002-45E9-8DEB-6070E67D747A}.Release|x86.ActiveCfg = Release|Any CPU
		{114C97DD-4002-45E9-8DEB-6070E67D747A}.Release|x86.Build.0 = Release|Any CPU
		{6B26D4D4-9598-4CE0-AAFF-10B15A54EED4}.Debug|Any CPU.ActiveCfg = Debug|Any CPU
		{6B26D4D4-9598-4CE0-AAFF-10B15A54EED4}.Debug|Any CPU.Build.0 = Debug|Any CPU
		{6B26D4D4-9598-4CE0-AAFF-10B15A54EED4}.Debug|x64.ActiveCfg = Debug|Any CPU
		{6B26D4D4-9598-4CE0-AAFF-10B15A54EED4}.Debug|x64.Build.0 = Debug|Any CPU
		{6B26D4D4-9598-4CE0-AAFF-10B15A54EED4}.Debug|x86.ActiveCfg = Debug|Any CPU
		{6B26D4D4-9598-4CE0-AAFF-10B15A54EED4}.Debug|x86.Build.0 = Debug|Any CPU
		{6B26D4D4-9598-4CE0-AAFF-10B15A54EED4}.Release|Any CPU.ActiveCfg = Release|Any CPU
		{6B26D4D4-9598-4CE0-AAFF-10B15A54EED4}.Release|Any CPU.Build.0 = Release|Any CPU
		{6B26D4D4-9598-4CE0-AAFF-10B15A54EED4}.Release|x64.ActiveCfg = Release|Any CPU
		{6B26D4D4-9598-4CE0-AAFF-10B15A54EED4}.Release|x64.Build.0 = Release|Any CPU
		{6B26D4D4-9598-4CE0-AAFF-10B15A54EED4}.Release|x86.ActiveCfg = Release|Any CPU
		{6B26D4D4-9598-4CE0-AAFF-10B15A54EED4}.Release|x86.Build.0 = Release|Any CPU
		{98EEA6F1-B150-47B3-990C-D48EC44649C7}.Debug|Any CPU.ActiveCfg = Debug|Any CPU
		{98EEA6F1-B150-47B3-990C-D48EC44649C7}.Debug|Any CPU.Build.0 = Debug|Any CPU
		{98EEA6F1-B150-47B3-990C-D48EC44649C7}.Debug|x64.ActiveCfg = Debug|Any CPU
		{98EEA6F1-B150-47B3-990C-D48EC44649C7}.Debug|x64.Build.0 = Debug|Any CPU
		{98EEA6F1-B150-47B3-990C-D48EC44649C7}.Debug|x86.ActiveCfg = Debug|Any CPU
		{98EEA6F1-B150-47B3-990C-D48EC44649C7}.Debug|x86.Build.0 = Debug|Any CPU
		{98EEA6F1-B150-47B3-990C-D48EC44649C7}.Release|Any CPU.ActiveCfg = Release|Any CPU
		{98EEA6F1-B150-47B3-990C-D48EC44649C7}.Release|Any CPU.Build.0 = Release|Any CPU
		{98EEA6F1-B150-47B3-990C-D48EC44649C7}.Release|x64.ActiveCfg = Release|Any CPU
		{98EEA6F1-B150-47B3-990C-D48EC44649C7}.Release|x64.Build.0 = Release|Any CPU
		{98EEA6F1-B150-47B3-990C-D48EC44649C7}.Release|x86.ActiveCfg = Release|Any CPU
		{98EEA6F1-B150-47B3-990C-D48EC44649C7}.Release|x86.Build.0 = Release|Any CPU
		{2DF8AA00-080E-4643-B23C-18A9B149D8FB}.Debug|Any CPU.ActiveCfg = Debug|Any CPU
		{2DF8AA00-080E-4643-B23C-18A9B149D8FB}.Debug|Any CPU.Build.0 = Debug|Any CPU
		{2DF8AA00-080E-4643-B23C-18A9B149D8FB}.Debug|x64.ActiveCfg = Debug|Any CPU
		{2DF8AA00-080E-4643-B23C-18A9B149D8FB}.Debug|x64.Build.0 = Debug|Any CPU
		{2DF8AA00-080E-4643-B23C-18A9B149D8FB}.Debug|x86.ActiveCfg = Debug|Any CPU
		{2DF8AA00-080E-4643-B23C-18A9B149D8FB}.Debug|x86.Build.0 = Debug|Any CPU
		{2DF8AA00-080E-4643-B23C-18A9B149D8FB}.Release|Any CPU.ActiveCfg = Release|Any CPU
		{2DF8AA00-080E-4643-B23C-18A9B149D8FB}.Release|Any CPU.Build.0 = Release|Any CPU
		{2DF8AA00-080E-4643-B23C-18A9B149D8FB}.Release|x64.ActiveCfg = Release|Any CPU
		{2DF8AA00-080E-4643-B23C-18A9B149D8FB}.Release|x64.Build.0 = Release|Any CPU
		{2DF8AA00-080E-4643-B23C-18A9B149D8FB}.Release|x86.ActiveCfg = Release|Any CPU
		{2DF8AA00-080E-4643-B23C-18A9B149D8FB}.Release|x86.Build.0 = Release|Any CPU
		{3232B6D0-2B79-4D31-8C82-1A6E9D517168}.Debug|Any CPU.ActiveCfg = Debug|Any CPU
		{3232B6D0-2B79-4D31-8C82-1A6E9D517168}.Debug|Any CPU.Build.0 = Debug|Any CPU
		{3232B6D0-2B79-4D31-8C82-1A6E9D517168}.Debug|x64.ActiveCfg = Debug|Any CPU
		{3232B6D0-2B79-4D31-8C82-1A6E9D517168}.Debug|x64.Build.0 = Debug|Any CPU
		{3232B6D0-2B79-4D31-8C82-1A6E9D517168}.Debug|x86.ActiveCfg = Debug|Any CPU
		{3232B6D0-2B79-4D31-8C82-1A6E9D517168}.Debug|x86.Build.0 = Debug|Any CPU
		{3232B6D0-2B79-4D31-8C82-1A6E9D517168}.Release|Any CPU.ActiveCfg = Release|Any CPU
		{3232B6D0-2B79-4D31-8C82-1A6E9D517168}.Release|Any CPU.Build.0 = Release|Any CPU
		{3232B6D0-2B79-4D31-8C82-1A6E9D517168}.Release|x64.ActiveCfg = Release|Any CPU
		{3232B6D0-2B79-4D31-8C82-1A6E9D517168}.Release|x64.Build.0 = Release|Any CPU
		{3232B6D0-2B79-4D31-8C82-1A6E9D517168}.Release|x86.ActiveCfg = Release|Any CPU
		{3232B6D0-2B79-4D31-8C82-1A6E9D517168}.Release|x86.Build.0 = Release|Any CPU
		{E7D0B2E1-F36A-42BA-9476-E83D7A9E73C1}.Debug|Any CPU.ActiveCfg = Debug|Any CPU
		{E7D0B2E1-F36A-42BA-9476-E83D7A9E73C1}.Debug|Any CPU.Build.0 = Debug|Any CPU
		{E7D0B2E1-F36A-42BA-9476-E83D7A9E73C1}.Debug|x64.ActiveCfg = Debug|Any CPU
		{E7D0B2E1-F36A-42BA-9476-E83D7A9E73C1}.Debug|x64.Build.0 = Debug|Any CPU
		{E7D0B2E1-F36A-42BA-9476-E83D7A9E73C1}.Debug|x86.ActiveCfg = Debug|Any CPU
		{E7D0B2E1-F36A-42BA-9476-E83D7A9E73C1}.Debug|x86.Build.0 = Debug|Any CPU
		{E7D0B2E1-F36A-42BA-9476-E83D7A9E73C1}.Release|Any CPU.ActiveCfg = Release|Any CPU
		{E7D0B2E1-F36A-42BA-9476-E83D7A9E73C1}.Release|Any CPU.Build.0 = Release|Any CPU
		{E7D0B2E1-F36A-42BA-9476-E83D7A9E73C1}.Release|x64.ActiveCfg = Release|Any CPU
		{E7D0B2E1-F36A-42BA-9476-E83D7A9E73C1}.Release|x64.Build.0 = Release|Any CPU
		{E7D0B2E1-F36A-42BA-9476-E83D7A9E73C1}.Release|x86.ActiveCfg = Release|Any CPU
		{E7D0B2E1-F36A-42BA-9476-E83D7A9E73C1}.Release|x86.Build.0 = Release|Any CPU
		{FED2B2C8-9814-4B49-BBAF-D2DA0713542A}.Debug|Any CPU.ActiveCfg = Debug|Any CPU
		{FED2B2C8-9814-4B49-BBAF-D2DA0713542A}.Debug|Any CPU.Build.0 = Debug|Any CPU
		{FED2B2C8-9814-4B49-BBAF-D2DA0713542A}.Debug|x64.ActiveCfg = Debug|Any CPU
		{FED2B2C8-9814-4B49-BBAF-D2DA0713542A}.Debug|x64.Build.0 = Debug|Any CPU
		{FED2B2C8-9814-4B49-BBAF-D2DA0713542A}.Debug|x86.ActiveCfg = Debug|Any CPU
		{FED2B2C8-9814-4B49-BBAF-D2DA0713542A}.Debug|x86.Build.0 = Debug|Any CPU
		{FED2B2C8-9814-4B49-BBAF-D2DA0713542A}.Release|Any CPU.ActiveCfg = Release|Any CPU
		{FED2B2C8-9814-4B49-BBAF-D2DA0713542A}.Release|Any CPU.Build.0 = Release|Any CPU
		{FED2B2C8-9814-4B49-BBAF-D2DA0713542A}.Release|x64.ActiveCfg = Release|Any CPU
		{FED2B2C8-9814-4B49-BBAF-D2DA0713542A}.Release|x64.Build.0 = Release|Any CPU
		{FED2B2C8-9814-4B49-BBAF-D2DA0713542A}.Release|x86.ActiveCfg = Release|Any CPU
		{FED2B2C8-9814-4B49-BBAF-D2DA0713542A}.Release|x86.Build.0 = Release|Any CPU
		{7C3D7B65-827F-4F4B-90DC-6872A88AE04E}.Debug|Any CPU.ActiveCfg = Debug|Any CPU
		{7C3D7B65-827F-4F4B-90DC-6872A88AE04E}.Debug|Any CPU.Build.0 = Debug|Any CPU
		{7C3D7B65-827F-4F4B-90DC-6872A88AE04E}.Debug|x64.ActiveCfg = Debug|Any CPU
		{7C3D7B65-827F-4F4B-90DC-6872A88AE04E}.Debug|x64.Build.0 = Debug|Any CPU
		{7C3D7B65-827F-4F4B-90DC-6872A88AE04E}.Debug|x86.ActiveCfg = Debug|Any CPU
		{7C3D7B65-827F-4F4B-90DC-6872A88AE04E}.Debug|x86.Build.0 = Debug|Any CPU
		{7C3D7B65-827F-4F4B-90DC-6872A88AE04E}.Release|Any CPU.ActiveCfg = Release|Any CPU
		{7C3D7B65-827F-4F4B-90DC-6872A88AE04E}.Release|Any CPU.Build.0 = Release|Any CPU
		{7C3D7B65-827F-4F4B-90DC-6872A88AE04E}.Release|x64.ActiveCfg = Release|Any CPU
		{7C3D7B65-827F-4F4B-90DC-6872A88AE04E}.Release|x64.Build.0 = Release|Any CPU
		{7C3D7B65-827F-4F4B-90DC-6872A88AE04E}.Release|x86.ActiveCfg = Release|Any CPU
		{7C3D7B65-827F-4F4B-90DC-6872A88AE04E}.Release|x86.Build.0 = Release|Any CPU
		{8D8E8001-74C2-48B2-B0BA-4DB79D51E0AA}.Debug|Any CPU.ActiveCfg = Debug|Any CPU
		{8D8E8001-74C2-48B2-B0BA-4DB79D51E0AA}.Debug|Any CPU.Build.0 = Debug|Any CPU
		{8D8E8001-74C2-48B2-B0BA-4DB79D51E0AA}.Debug|x64.ActiveCfg = Debug|Any CPU
		{8D8E8001-74C2-48B2-B0BA-4DB79D51E0AA}.Debug|x64.Build.0 = Debug|Any CPU
		{8D8E8001-74C2-48B2-B0BA-4DB79D51E0AA}.Debug|x86.ActiveCfg = Debug|Any CPU
		{8D8E8001-74C2-48B2-B0BA-4DB79D51E0AA}.Debug|x86.Build.0 = Debug|Any CPU
		{8D8E8001-74C2-48B2-B0BA-4DB79D51E0AA}.Release|Any CPU.ActiveCfg = Release|Any CPU
		{8D8E8001-74C2-48B2-B0BA-4DB79D51E0AA}.Release|Any CPU.Build.0 = Release|Any CPU
		{8D8E8001-74C2-48B2-B0BA-4DB79D51E0AA}.Release|x64.ActiveCfg = Release|Any CPU
		{8D8E8001-74C2-48B2-B0BA-4DB79D51E0AA}.Release|x64.Build.0 = Release|Any CPU
		{8D8E8001-74C2-48B2-B0BA-4DB79D51E0AA}.Release|x86.ActiveCfg = Release|Any CPU
		{8D8E8001-74C2-48B2-B0BA-4DB79D51E0AA}.Release|x86.Build.0 = Release|Any CPU
		{DB9BBBCB-44B5-4319-9039-B342BF0CA28B}.Debug|Any CPU.ActiveCfg = Debug|Any CPU
		{DB9BBBCB-44B5-4319-9039-B342BF0CA28B}.Debug|Any CPU.Build.0 = Debug|Any CPU
		{DB9BBBCB-44B5-4319-9039-B342BF0CA28B}.Debug|x64.ActiveCfg = Debug|Any CPU
		{DB9BBBCB-44B5-4319-9039-B342BF0CA28B}.Debug|x64.Build.0 = Debug|Any CPU
		{DB9BBBCB-44B5-4319-9039-B342BF0CA28B}.Debug|x86.ActiveCfg = Debug|Any CPU
		{DB9BBBCB-44B5-4319-9039-B342BF0CA28B}.Debug|x86.Build.0 = Debug|Any CPU
		{DB9BBBCB-44B5-4319-9039-B342BF0CA28B}.Release|Any CPU.ActiveCfg = Release|Any CPU
		{DB9BBBCB-44B5-4319-9039-B342BF0CA28B}.Release|Any CPU.Build.0 = Release|Any CPU
		{DB9BBBCB-44B5-4319-9039-B342BF0CA28B}.Release|x64.ActiveCfg = Release|Any CPU
		{DB9BBBCB-44B5-4319-9039-B342BF0CA28B}.Release|x64.Build.0 = Release|Any CPU
		{DB9BBBCB-44B5-4319-9039-B342BF0CA28B}.Release|x86.ActiveCfg = Release|Any CPU
		{DB9BBBCB-44B5-4319-9039-B342BF0CA28B}.Release|x86.Build.0 = Release|Any CPU
		{49795582-8E4B-4325-819F-440E6F36C1FA}.Debug|Any CPU.ActiveCfg = Debug|Any CPU
		{49795582-8E4B-4325-819F-440E6F36C1FA}.Debug|Any CPU.Build.0 = Debug|Any CPU
		{49795582-8E4B-4325-819F-440E6F36C1FA}.Debug|x64.ActiveCfg = Debug|Any CPU
		{49795582-8E4B-4325-819F-440E6F36C1FA}.Debug|x64.Build.0 = Debug|Any CPU
		{49795582-8E4B-4325-819F-440E6F36C1FA}.Debug|x86.ActiveCfg = Debug|Any CPU
		{49795582-8E4B-4325-819F-440E6F36C1FA}.Debug|x86.Build.0 = Debug|Any CPU
		{49795582-8E4B-4325-819F-440E6F36C1FA}.Release|Any CPU.ActiveCfg = Release|Any CPU
		{49795582-8E4B-4325-819F-440E6F36C1FA}.Release|Any CPU.Build.0 = Release|Any CPU
		{49795582-8E4B-4325-819F-440E6F36C1FA}.Release|x64.ActiveCfg = Release|Any CPU
		{49795582-8E4B-4325-819F-440E6F36C1FA}.Release|x64.Build.0 = Release|Any CPU
		{49795582-8E4B-4325-819F-440E6F36C1FA}.Release|x86.ActiveCfg = Release|Any CPU
		{49795582-8E4B-4325-819F-440E6F36C1FA}.Release|x86.Build.0 = Release|Any CPU
		{21AB7431-18C0-4D83-9310-17DAA9F81CC8}.Debug|Any CPU.ActiveCfg = Debug|Any CPU
		{21AB7431-18C0-4D83-9310-17DAA9F81CC8}.Debug|Any CPU.Build.0 = Debug|Any CPU
		{21AB7431-18C0-4D83-9310-17DAA9F81CC8}.Debug|x64.ActiveCfg = Debug|Any CPU
		{21AB7431-18C0-4D83-9310-17DAA9F81CC8}.Debug|x64.Build.0 = Debug|Any CPU
		{21AB7431-18C0-4D83-9310-17DAA9F81CC8}.Debug|x86.ActiveCfg = Debug|Any CPU
		{21AB7431-18C0-4D83-9310-17DAA9F81CC8}.Debug|x86.Build.0 = Debug|Any CPU
		{21AB7431-18C0-4D83-9310-17DAA9F81CC8}.Release|Any CPU.ActiveCfg = Release|Any CPU
		{21AB7431-18C0-4D83-9310-17DAA9F81CC8}.Release|Any CPU.Build.0 = Release|Any CPU
		{21AB7431-18C0-4D83-9310-17DAA9F81CC8}.Release|x64.ActiveCfg = Release|Any CPU
		{21AB7431-18C0-4D83-9310-17DAA9F81CC8}.Release|x64.Build.0 = Release|Any CPU
		{21AB7431-18C0-4D83-9310-17DAA9F81CC8}.Release|x86.ActiveCfg = Release|Any CPU
		{21AB7431-18C0-4D83-9310-17DAA9F81CC8}.Release|x86.Build.0 = Release|Any CPU
		{4CA767F4-E683-4AF6-AA07-11E602CFD0FB}.Debug|Any CPU.ActiveCfg = Debug|Any CPU
		{4CA767F4-E683-4AF6-AA07-11E602CFD0FB}.Debug|Any CPU.Build.0 = Debug|Any CPU
		{4CA767F4-E683-4AF6-AA07-11E602CFD0FB}.Debug|x64.ActiveCfg = Debug|Any CPU
		{4CA767F4-E683-4AF6-AA07-11E602CFD0FB}.Debug|x64.Build.0 = Debug|Any CPU
		{4CA767F4-E683-4AF6-AA07-11E602CFD0FB}.Debug|x86.ActiveCfg = Debug|Any CPU
		{4CA767F4-E683-4AF6-AA07-11E602CFD0FB}.Debug|x86.Build.0 = Debug|Any CPU
		{4CA767F4-E683-4AF6-AA07-11E602CFD0FB}.Release|Any CPU.ActiveCfg = Release|Any CPU
		{4CA767F4-E683-4AF6-AA07-11E602CFD0FB}.Release|Any CPU.Build.0 = Release|Any CPU
		{4CA767F4-E683-4AF6-AA07-11E602CFD0FB}.Release|x64.ActiveCfg = Release|Any CPU
		{4CA767F4-E683-4AF6-AA07-11E602CFD0FB}.Release|x64.Build.0 = Release|Any CPU
		{4CA767F4-E683-4AF6-AA07-11E602CFD0FB}.Release|x86.ActiveCfg = Release|Any CPU
		{4CA767F4-E683-4AF6-AA07-11E602CFD0FB}.Release|x86.Build.0 = Release|Any CPU
		{D8C75209-DA39-44E2-A8F3-3072400654AD}.Debug|Any CPU.ActiveCfg = Debug|Any CPU
		{D8C75209-DA39-44E2-A8F3-3072400654AD}.Debug|Any CPU.Build.0 = Debug|Any CPU
		{D8C75209-DA39-44E2-A8F3-3072400654AD}.Debug|x64.ActiveCfg = Debug|Any CPU
		{D8C75209-DA39-44E2-A8F3-3072400654AD}.Debug|x64.Build.0 = Debug|Any CPU
		{D8C75209-DA39-44E2-A8F3-3072400654AD}.Debug|x86.ActiveCfg = Debug|Any CPU
		{D8C75209-DA39-44E2-A8F3-3072400654AD}.Debug|x86.Build.0 = Debug|Any CPU
		{D8C75209-DA39-44E2-A8F3-3072400654AD}.Release|Any CPU.ActiveCfg = Release|Any CPU
		{D8C75209-DA39-44E2-A8F3-3072400654AD}.Release|Any CPU.Build.0 = Release|Any CPU
		{D8C75209-DA39-44E2-A8F3-3072400654AD}.Release|x64.ActiveCfg = Release|Any CPU
		{D8C75209-DA39-44E2-A8F3-3072400654AD}.Release|x64.Build.0 = Release|Any CPU
		{D8C75209-DA39-44E2-A8F3-3072400654AD}.Release|x86.ActiveCfg = Release|Any CPU
		{D8C75209-DA39-44E2-A8F3-3072400654AD}.Release|x86.Build.0 = Release|Any CPU
		{711436C0-DFB4-4B08-986F-60AFDAF32E5E}.Debug|Any CPU.ActiveCfg = Debug|Any CPU
		{711436C0-DFB4-4B08-986F-60AFDAF32E5E}.Debug|Any CPU.Build.0 = Debug|Any CPU
		{711436C0-DFB4-4B08-986F-60AFDAF32E5E}.Debug|x64.ActiveCfg = Debug|Any CPU
		{711436C0-DFB4-4B08-986F-60AFDAF32E5E}.Debug|x64.Build.0 = Debug|Any CPU
		{711436C0-DFB4-4B08-986F-60AFDAF32E5E}.Debug|x86.ActiveCfg = Debug|Any CPU
		{711436C0-DFB4-4B08-986F-60AFDAF32E5E}.Debug|x86.Build.0 = Debug|Any CPU
		{711436C0-DFB4-4B08-986F-60AFDAF32E5E}.Release|Any CPU.ActiveCfg = Release|Any CPU
		{711436C0-DFB4-4B08-986F-60AFDAF32E5E}.Release|Any CPU.Build.0 = Release|Any CPU
		{711436C0-DFB4-4B08-986F-60AFDAF32E5E}.Release|x64.ActiveCfg = Release|Any CPU
		{711436C0-DFB4-4B08-986F-60AFDAF32E5E}.Release|x64.Build.0 = Release|Any CPU
		{711436C0-DFB4-4B08-986F-60AFDAF32E5E}.Release|x86.ActiveCfg = Release|Any CPU
		{711436C0-DFB4-4B08-986F-60AFDAF32E5E}.Release|x86.Build.0 = Release|Any CPU
	EndGlobalSection
	GlobalSection(SolutionProperties) = preSolution
		HideSolutionNode = FALSE
	EndGlobalSection
	GlobalSection(ExtensibilityGlobals) = postSolution
		SolutionGuid = {B100E587-217B-4913-8F79-C4DC29CF1144}
	EndGlobalSection
EndGlobal
